{
    "_readme": [
        "This file locks the dependencies of your project to a known state",
        "Read more about it at https://getcomposer.org/doc/01-basic-usage.md#installing-dependencies",
        "This file is @generated automatically"
    ],
    "content-hash": "ffa631b51807b71a4629cfb12ca81849",
    "packages": [
        {
            "name": "cviebrock/discourse-php",
            "version": "0.9.3",
            "source": {
                "type": "git",
                "url": "https://github.com/cviebrock/discourse-php.git",
                "reference": "9a56e2afec067ee7441663eb82db3d4446c25bc2"
            },
            "dist": {
                "type": "zip",
                "url": "https://api.github.com/repos/cviebrock/discourse-php/zipball/9a56e2afec067ee7441663eb82db3d4446c25bc2",
                "reference": "9a56e2afec067ee7441663eb82db3d4446c25bc2",
                "shasum": ""
            },
            "require": {
                "php": ">=5.3.0"
            },
            "type": "library",
            "autoload": {
                "psr-4": {
                    "Cviebrock\\DiscoursePHP\\": "src/"
                }
            },
            "notification-url": "https://packagist.org/downloads/",
            "license": [
                "MIT"
            ],
            "authors": [
                {
                    "name": "Colin Viebrock",
                    "email": "colin@viebrock.ca"
                },
                {
                    "name": "Johan Jatko",
                    "homepage": "https://xr.gs/"
                }
            ],
            "description": "Helper class for building a single sign-on source for Discourse forums",
            "homepage": "https://github.com/cviebrock/discourse-php",
            "keywords": [
                "discourse",
                "forum"
            ],
            "time": "2017-07-07T16:02:16+00:00"
        }
    ],
    "packages-dev": [],
    "aliases": [],
    "minimum-stability": "stable",
    "stability-flags": [],
    "prefer-stable": false,
    "prefer-lowest": false,
    "platform": {
        "php": ">=5.6.0"
    },
    "platform-dev": [],
    "plugin-api-version": "1.1.0"
}
